{
  "lockfile_version": "1",
  "packages": {
    "go@latest": {
      "last_modified": "2023-06-29T16:20:38Z",
      "resolved": "github:NixOS/nixpkgs/3c614fbc76fc152f3e1bc4b2263da6d90adf80fb#go",
      "source": "devbox-search",
      "version": "1.20.5"
    },
    "hugo@latest": {
      "last_modified": "2023-06-29T16:20:38Z",
      "resolved": "github:NixOS/nixpkgs/3c614fbc76fc152f3e1bc4b2263da6d90adf80fb#hugo",
      "source": "devbox-search",
      "version": "0.114.1"
    },
    "nodejs@19.9.0": {
      "last_modified": "2023-05-07T06:59:10Z",
      "resolved": "github:NixOS/nixpkgs/eb751d65225ec53de9cf3d88acbf08d275882389#nodejs-19_x",
      "source": "devbox-search",
      "version": "19.9.0"
    }
  }
}
